
Microsoft Visual Studio Solution File, Format Version 12.00
# Visual Studio 15
VisualStudioVersion = 15.0.27428.2037
MinimumVisualStudioVersion = 10.0.40219.1
Project("{FAE04EC0-301F-11D3-BF4B-00C04F79EFBC}") = "UnitTestProjectISS", "UnitTestProjectISS\UnitTestProjectISS.csproj", "{380E2AE0-BE49-42A8-BD2B-1395F1EE698D}"
EndProject
Global
	GlobalSection(SolutionConfigurationPlatforms) = preSolution
		Debug|Any CPU = Debug|Any CPU
		Release|Any CPU = Release|Any CPU
	EndGlobalSection
	GlobalSection(ProjectConfigurationPlatforms) = postSolution
		{380E2AE0-BE49-42A8-BD2B-1395F1EE698D}.Debug|Any CPU.ActiveCfg = Debug|Any CPU
		{380E2AE0-BE49-42A8-BD2B-1395F1EE698D}.Debug|Any CPU.Build.0 = Debug|Any CPU
		{380E2AE0-BE49-42A8-BD2B-1395F1EE698D}.Release|Any CPU.ActiveCfg = Release|Any CPU
		{380E2AE0-BE49-42A8-BD2B-1395F1EE698D}.Release|Any CPU.Build.0 = Release|Any CPU
	EndGlobalSection
	GlobalSection(SolutionProperties) = preSolution
		HideSolutionNode = FALSE
	EndGlobalSection
	GlobalSection(ExtensibilityGlobals) = postSolution
		SolutionGuid = {0C9B62F8-1EBF-4D94-8C71-199D183AA7E8}
	EndGlobalSection
EndGlobal
